// !$*UTF8*$!
{
	archiveVersion = 1;
	classes = {
	};
	objectVersion = 50;
	objects = {

/* Begin PBXBuildFile section */
		8DEC0FFEB7B349863FBA68C2 /* libPods-HeroCommon.a in Frameworks */ = {isa = PBXBuildFile; fileRef = 9145EBCD32B05D77BC04A167 /* libPods-HeroCommon.a */; };
		B041754525E2384300D990A2 /* HeroCommon.framework in Frameworks */ = {isa = PBXBuildFile; fileRef = B041753B25E2384300D990A2 /* HeroCommon.framework */; };
		B041754A25E2384300D990A2 /* HeroCommonTests.swift in Sources */ = {isa = PBXBuildFile; fileRef = B041754925E2384300D990A2 /* HeroCommonTests.swift */; };
		B041754C25E2384300D990A2 /* HeroCommon.h in Headers */ = {isa = PBXBuildFile; fileRef = B041753E25E2384300D990A2 /* HeroCommon.h */; settings = {ATTRIBUTES = (Public, ); }; };
		B041761825E23C8800D990A2 /* LogConfig.swift in Sources */ = {isa = PBXBuildFile; fileRef = B041761725E23C8800D990A2 /* LogConfig.swift */; };
		B0B4870B2609F6FB00DDD9B9 /* Dynamic.swift in Sources */ = {isa = PBXBuildFile; fileRef = B0B4870A2609F6FB00DDD9B9 /* Dynamic.swift */; };
/* End PBXBuildFile section */

/* Begin PBXContainerItemProxy section */
		B041754625E2384300D990A2 /* PBXContainerItemProxy */ = {
			isa = PBXContainerItemProxy;
			containerPortal = B041753225E2384300D990A2 /* Project object */;
			proxyType = 1;
			remoteGlobalIDString = B041753A25E2384300D990A2;
			remoteInfo = HeroCommon;
		};
/* End PBXContainerItemProxy section */

/* Begin PBXFileReference section */
		01F7F75D806251D208604327 /* Pods-HeroCommon.inhouse(debug).xcconfig */ = {isa = PBXFileReference; includeInIndex = 1; lastKnownFileType = text.xcconfig; name = "Pods-HeroCommon.inhouse(debug).xcconfig"; path = "Target Support Files/Pods-HeroCommon/Pods-HeroCommon.inhouse(debug).xcconfig"; sourceTree = "<group>"; };
		0F74007AE1CAFBA3DA1E9F35 /* Pods-HeroCommon.release.xcconfig */ = {isa = PBXFileReference; includeInIndex = 1; lastKnownFileType = text.xcconfig; name = "Pods-HeroCommon.release.xcconfig"; path = "Target Support Files/Pods-HeroCommon/Pods-HeroCommon.release.xcconfig"; sourceTree = "<group>"; };
		14A217C5F653144F2436660D /* Pods-HeroCommon.debug.xcconfig */ = {isa = PBXFileReference; includeInIndex = 1; lastKnownFileType = text.xcconfig; name = "Pods-HeroCommon.debug.xcconfig"; path = "Target Support Files/Pods-HeroCommon/Pods-HeroCommon.debug.xcconfig"; sourceTree = "<group>"; };
		2F7C60FFC177B2A75612FBE1 /* Pods-HeroCommon.sandbox(debug).xcconfig */ = {isa = PBXFileReference; includeInIndex = 1; lastKnownFileType = text.xcconfig; name = "Pods-HeroCommon.sandbox(debug).xcconfig"; path = "Target Support Files/Pods-HeroCommon/Pods-HeroCommon.sandbox(debug).xcconfig"; sourceTree = "<group>"; };
		8D1BBA080775050FBB242067 /* Pods-HeroCommon.real.xcconfig */ = {isa = PBXFileReference; includeInIndex = 1; lastKnownFileType = text.xcconfig; name = "Pods-HeroCommon.real.xcconfig"; path = "Target Support Files/Pods-HeroCommon/Pods-HeroCommon.real.xcconfig"; sourceTree = "<group>"; };
		9145EBCD32B05D77BC04A167 /* libPods-HeroCommon.a */ = {isa = PBXFileReference; explicitFileType = archive.ar; includeInIndex = 0; path = "libPods-HeroCommon.a"; sourceTree = BUILT_PRODUCTS_DIR; };
		B041753B25E2384300D990A2 /* HeroCommon.framework */ = {isa = PBXFileReference; explicitFileType = wrapper.framework; includeInIndex = 0; path = HeroCommon.framework; sourceTree = BUILT_PRODUCTS_DIR; };
		B041753E25E2384300D990A2 /* HeroCommon.h */ = {isa = PBXFileReference; lastKnownFileType = sourcecode.c.h; path = HeroCommon.h; sourceTree = "<group>"; };
		B041753F25E2384300D990A2 /* Info.plist */ = {isa = PBXFileReference; lastKnownFileType = text.plist.xml; path = Info.plist; sourceTree = "<group>"; };
		B041754425E2384300D990A2 /* HeroCommonTests.xctest */ = {isa = PBXFileReference; explicitFileType = wrapper.cfbundle; includeInIndex = 0; path = HeroCommonTests.xctest; sourceTree = BUILT_PRODUCTS_DIR; };
		B041754925E2384300D990A2 /* HeroCommonTests.swift */ = {isa = PBXFileReference; lastKnownFileType = sourcecode.swift; path = HeroCommonTests.swift; sourceTree = "<group>"; };
		B041754B25E2384300D990A2 /* Info.plist */ = {isa = PBXFileReference; lastKnownFileType = text.plist.xml; path = Info.plist; sourceTree = "<group>"; };
		B041761725E23C8800D990A2 /* LogConfig.swift */ = {isa = PBXFileReference; lastKnownFileType = sourcecode.swift; path = LogConfig.swift; sourceTree = "<group>"; };
		B0B4870A2609F6FB00DDD9B9 /* Dynamic.swift */ = {isa = PBXFileReference; lastKnownFileType = sourcecode.swift; path = Dynamic.swift; sourceTree = "<group>"; };
/* End PBXFileReference section */

/* Begin PBXFrameworksBuildPhase section */
		B041753825E2384300D990A2 /* Frameworks */ = {
			isa = PBXFrameworksBuildPhase;
			buildActionMask = 2147483647;
			files = (
				8DEC0FFEB7B349863FBA68C2 /* libPods-HeroCommon.a in Frameworks */,
			);
			runOnlyForDeploymentPostprocessing = 0;
		};
		B041754125E2384300D990A2 /* Frameworks */ = {
			isa = PBXFrameworksBuildPhase;
			buildActionMask = 2147483647;
			files = (
				B041754525E2384300D990A2 /* HeroCommon.framework in Frameworks */,
			);
			runOnlyForDeploymentPostprocessing = 0;
		};
/* End PBXFrameworksBuildPhase section */

/* Begin PBXGroup section */
		211F5F3D19A85B84D401769E /* Pods */ = {
			isa = PBXGroup;
			children = (
				14A217C5F653144F2436660D /* Pods-HeroCommon.debug.xcconfig */,
				0F74007AE1CAFBA3DA1E9F35 /* Pods-HeroCommon.release.xcconfig */,
				01F7F75D806251D208604327 /* Pods-HeroCommon.inhouse(debug).xcconfig */,
				2F7C60FFC177B2A75612FBE1 /* Pods-HeroCommon.sandbox(debug).xcconfig */,
				8D1BBA080775050FBB242067 /* Pods-HeroCommon.real.xcconfig */,
			);
			name = Pods;
			path = ../Pods;
			sourceTree = "<group>";
		};
		80D040EE2B9D14FB6F11F920 /* Frameworks */ = {
			isa = PBXGroup;
			children = (
				9145EBCD32B05D77BC04A167 /* libPods-HeroCommon.a */,
			);
			name = Frameworks;
			sourceTree = "<group>";
		};
		B041753125E2384300D990A2 = {
			isa = PBXGroup;
			children = (
				B041753D25E2384300D990A2 /* HeroCommon */,
				B041754825E2384300D990A2 /* HeroCommonTests */,
				B041753C25E2384300D990A2 /* Products */,
				211F5F3D19A85B84D401769E /* Pods */,
				80D040EE2B9D14FB6F11F920 /* Frameworks */,
			);
			sourceTree = "<group>";
		};
		B041753C25E2384300D990A2 /* Products */ = {
			isa = PBXGroup;
			children = (
				B041753B25E2384300D990A2 /* HeroCommon.framework */,
				B041754425E2384300D990A2 /* HeroCommonTests.xctest */,
			);
			name = Products;
			sourceTree = "<group>";
		};
		B041753D25E2384300D990A2 /* HeroCommon */ = {
			isa = PBXGroup;
			children = (
				B041753E25E2384300D990A2 /* HeroCommon.h */,
				B041753F25E2384300D990A2 /* Info.plist */,
				B041761725E23C8800D990A2 /* LogConfig.swift */,
				B0B4870A2609F6FB00DDD9B9 /* Dynamic.swift */,
			);
			path = HeroCommon;
			sourceTree = "<group>";
		};
		B041754825E2384300D990A2 /* HeroCommonTests */ = {
			isa = PBXGroup;
			children = (
				B041754925E2384300D990A2 /* HeroCommonTests.swift */,
				B041754B25E2384300D990A2 /* Info.plist */,
			);
			path = HeroCommonTests;
			sourceTree = "<group>";
		};
/* End PBXGroup section */

/* Begin PBXHeadersBuildPhase section */
		B041753625E2384300D990A2 /* Headers */ = {
			isa = PBXHeadersBuildPhase;
			buildActionMask = 2147483647;
			files = (
				B041754C25E2384300D990A2 /* HeroCommon.h in Headers */,
			);
			runOnlyForDeploymentPostprocessing = 0;
		};
/* End PBXHeadersBuildPhase section */

/* Begin PBXNativeTarget section */
		B041753A25E2384300D990A2 /* HeroCommon */ = {
			isa = PBXNativeTarget;
			buildConfigurationList = B041754F25E2384300D990A2 /* Build configuration list for PBXNativeTarget "HeroCommon" */;
			buildPhases = (
				B4DFFC4783EF6FC5956BEE40 /* [CP] Check Pods Manifest.lock */,
				B041753625E2384300D990A2 /* Headers */,
				B041753725E2384300D990A2 /* Sources */,
				B041753825E2384300D990A2 /* Frameworks */,
				B041753925E2384300D990A2 /* Resources */,
			);
			buildRules = (
			);
			dependencies = (
			);
			name = HeroCommon;
			productName = HeroCommon;
			productReference = B041753B25E2384300D990A2 /* HeroCommon.framework */;
			productType = "com.apple.product-type.framework";
		};
		B041754325E2384300D990A2 /* HeroCommonTests */ = {
			isa = PBXNativeTarget;
			buildConfigurationList = B041755225E2384300D990A2 /* Build configuration list for PBXNativeTarget "HeroCommonTests" */;
			buildPhases = (
				B041754025E2384300D990A2 /* Sources */,
				B041754125E2384300D990A2 /* Frameworks */,
				B041754225E2384300D990A2 /* Resources */,
			);
			buildRules = (
			);
			dependencies = (
				B041754725E2384300D990A2 /* PBXTargetDependency */,
			);
			name = HeroCommonTests;
			productName = HeroCommonTests;
			productReference = B041754425E2384300D990A2 /* HeroCommonTests.xctest */;
			productType = "com.apple.product-type.bundle.unit-test";
		};
/* End PBXNativeTarget section */

/* Begin PBXProject section */
		B041753225E2384300D990A2 /* Project object */ = {
			isa = PBXProject;
			attributes = {
				LastSwiftUpdateCheck = 1230;
				LastUpgradeCheck = 1230;
				TargetAttributes = {
					B041753A25E2384300D990A2 = {
						CreatedOnToolsVersion = 12.3;
						LastSwiftMigration = 1230;
					};
					B041754325E2384300D990A2 = {
						CreatedOnToolsVersion = 12.3;
					};
				};
			};
			buildConfigurationList = B041753525E2384300D990A2 /* Build configuration list for PBXProject "HeroCommon" */;
			compatibilityVersion = "Xcode 9.3";
			developmentRegion = en;
			hasScannedForEncodings = 0;
			knownRegions = (
				en,
				Base,
				ko,
			);
			mainGroup = B041753125E2384300D990A2;
			productRefGroup = B041753C25E2384300D990A2 /* Products */;
			projectDirPath = "";
			projectRoot = "";
			targets = (
				B041753A25E2384300D990A2 /* HeroCommon */,
				B041754325E2384300D990A2 /* HeroCommonTests */,
			);
		};
/* End PBXProject section */

/* Begin PBXResourcesBuildPhase section */
		B041753925E2384300D990A2 /* Resources */ = {
			isa = PBXResourcesBuildPhase;
			buildActionMask = 2147483647;
			files = (
			);
			runOnlyForDeploymentPostprocessing = 0;
		};
		B041754225E2384300D990A2 /* Resources */ = {
			isa = PBXResourcesBuildPhase;
			buildActionMask = 2147483647;
			files = (
			);
			runOnlyForDeploymentPostprocessing = 0;
		};
/* End PBXResourcesBuildPhase section */

/* Begin PBXShellScriptBuildPhase section */
		B4DFFC4783EF6FC5956BEE40 /* [CP] Check Pods Manifest.lock */ = {
			isa = PBXShellScriptBuildPhase;
			buildActionMask = 2147483647;
			files = (
			);
			inputFileListPaths = (
			);
			inputPaths = (
				"${PODS_PODFILE_DIR_PATH}/Podfile.lock",
				"${PODS_ROOT}/Manifest.lock",
			);
			name = "[CP] Check Pods Manifest.lock";
			outputFileListPaths = (
			);
			outputPaths = (
				"$(DERIVED_FILE_DIR)/Pods-HeroCommon-checkManifestLockResult.txt",
			);
			runOnlyForDeploymentPostprocessing = 0;
			shellPath = /bin/sh;
			shellScript = "diff \"${PODS_PODFILE_DIR_PATH}/Podfile.lock\" \"${PODS_ROOT}/Manifest.lock\" > /dev/null\nif [ $? != 0 ] ; then\n    # print error to STDERR\n    echo \"error: The sandbox is not in sync with the Podfile.lock. Run 'pod install' or update your CocoaPods installation.\" >&2\n    exit 1\nfi\n# This output is used by Xcode 'outputs' to avoid re-running this script phase.\necho \"SUCCESS\" > \"${SCRIPT_OUTPUT_FILE_0}\"\n";
			showEnvVarsInLog = 0;
		};
/* End PBXShellScriptBuildPhase section */

/* Begin PBXSourcesBuildPhase section */
		B041753725E2384300D990A2 /* Sources */ = {
			isa = PBXSourcesBuildPhase;
			buildActionMask = 2147483647;
			files = (
				B041761825E23C8800D990A2 /* LogConfig.swift in Sources */,
				B0B4870B2609F6FB00DDD9B9 /* Dynamic.swift in Sources */,
			);
			runOnlyForDeploymentPostprocessing = 0;
		};
		B041754025E2384300D990A2 /* Sources */ = {
			isa = PBXSourcesBuildPhase;
			buildActionMask = 2147483647;
			files = (
				B041754A25E2384300D990A2 /* HeroCommonTests.swift in Sources */,
			);
			runOnlyForDeploymentPostprocessing = 0;
		};
/* End PBXSourcesBuildPhase section */

/* Begin PBXTargetDependency section */
		B041754725E2384300D990A2 /* PBXTargetDependency */ = {
			isa = PBXTargetDependency;
			target = B041753A25E2384300D990A2 /* HeroCommon */;
			targetProxy = B041754625E2384300D990A2 /* PBXContainerItemProxy */;
		};
/* End PBXTargetDependency section */

/* Begin XCBuildConfiguration section */
		B041754D25E2384300D990A2 /* Inhouse(Debug) */ = {
			isa = XCBuildConfiguration;
			buildSettings = {
				ALWAYS_SEARCH_USER_PATHS = NO;
				CLANG_ANALYZER_LOCALIZABILITY_NONLOCALIZED = YES;
				CLANG_ANALYZER_NONNULL = YES;
				CLANG_ANALYZER_NUMBER_OBJECT_CONVERSION = YES_AGGRESSIVE;
				CLANG_CXX_LANGUAGE_STANDARD = "gnu++14";
				CLANG_CXX_LIBRARY = "libc++";
				CLANG_ENABLE_MODULES = YES;
				CLANG_ENABLE_OBJC_ARC = YES;
				CLANG_ENABLE_OBJC_WEAK = YES;
				CLANG_WARN_BLOCK_CAPTURE_AUTORELEASING = YES;
				CLANG_WARN_BOOL_CONVERSION = YES;
				CLANG_WARN_COMMA = YES;
				CLANG_WARN_CONSTANT_CONVERSION = YES;
				CLANG_WARN_DEPRECATED_OBJC_IMPLEMENTATIONS = YES;
				CLANG_WARN_DIRECT_OBJC_ISA_USAGE = YES_ERROR;
				CLANG_WARN_DOCUMENTATION_COMMENTS = YES;
				CLANG_WARN_EMPTY_BODY = YES;
				CLANG_WARN_ENUM_CONVERSION = YES;
				CLANG_WARN_INFINITE_RECURSION = YES;
				CLANG_WARN_INT_CONVERSION = YES;
				CLANG_WARN_NON_LITERAL_NULL_CONVERSION = YES;
				CLANG_WARN_OBJC_IMPLICIT_RETAIN_SELF = YES;
				CLANG_WARN_OBJC_LITERAL_CONVERSION = YES;
				CLANG_WARN_OBJC_ROOT_CLASS = YES_ERROR;
				CLANG_WARN_QUOTED_INCLUDE_IN_FRAMEWORK_HEADER = YES;
				CLANG_WARN_RANGE_LOOP_ANALYSIS = YES;
				CLANG_WARN_STRICT_PROTOTYPES = YES;
				CLANG_WARN_SUSPICIOUS_MOVE = YES;
				CLANG_WARN_UNGUARDED_AVAILABILITY = YES_AGGRESSIVE;
				CLANG_WARN_UNREACHABLE_CODE = YES;
				CLANG_WARN__DUPLICATE_METHOD_MATCH = YES;
				COPY_PHASE_STRIP = NO;
				CURRENT_PROJECT_VERSION = 1;
				DEBUG_INFORMATION_FORMAT = dwarf;
				ENABLE_STRICT_OBJC_MSGSEND = YES;
				ENABLE_TESTABILITY = YES;
				GCC_C_LANGUAGE_STANDARD = gnu11;
				GCC_DYNAMIC_NO_PIC = NO;
				GCC_NO_COMMON_BLOCKS = YES;
				GCC_OPTIMIZATION_LEVEL = 0;
				GCC_PREPROCESSOR_DEFINITIONS = (
					"DEBUG=1",
					"$(inherited)",
				);
				GCC_WARN_64_TO_32_BIT_CONVERSION = YES;
				GCC_WARN_ABOUT_RETURN_TYPE = YES_ERROR;
				GCC_WARN_UNDECLARED_SELECTOR = YES;
				GCC_WARN_UNINITIALIZED_AUTOS = YES_AGGRESSIVE;
				GCC_WARN_UNUSED_FUNCTION = YES;
				GCC_WARN_UNUSED_VARIABLE = YES;
				IPHONEOS_DEPLOYMENT_TARGET = 12.0;
				MTL_ENABLE_DEBUG_INFO = INCLUDE_SOURCE;
				MTL_FAST_MATH = YES;
				ONLY_ACTIVE_ARCH = YES;
				SDKROOT = iphoneos;
				SWIFT_ACTIVE_COMPILATION_CONDITIONS = DEBUG;
				SWIFT_OPTIMIZATION_LEVEL = "-Onone";
				VERSIONING_SYSTEM = "apple-generic";
				VERSION_INFO_PREFIX = "";
			};
			name = "Inhouse(Debug)";
		};
		B041754E25E2384300D990A2 /* Real */ = {
			isa = XCBuildConfiguration;
			buildSettings = {
				ALWAYS_SEARCH_USER_PATHS = NO;
				CLANG_ANALYZER_LOCALIZABILITY_NONLOCALIZED = YES;
				CLANG_ANALYZER_NONNULL = YES;
				CLANG_ANALYZER_NUMBER_OBJECT_CONVERSION = YES_AGGRESSIVE;
				CLANG_CXX_LANGUAGE_STANDARD = "gnu++14";
				CLANG_CXX_LIBRARY = "libc++";
				CLANG_ENABLE_MODULES = YES;
				CLANG_ENABLE_OBJC_ARC = YES;
				CLANG_ENABLE_OBJC_WEAK = YES;
				CLANG_WARN_BLOCK_CAPTURE_AUTORELEASING = YES;
				CLANG_WARN_BOOL_CONVERSION = YES;
				CLANG_WARN_COMMA = YES;
				CLANG_WARN_CONSTANT_CONVERSION = YES;
				CLANG_WARN_DEPRECATED_OBJC_IMPLEMENTATIONS = YES;
				CLANG_WARN_DIRECT_OBJC_ISA_USAGE = YES_ERROR;
				CLANG_WARN_DOCUMENTATION_COMMENTS = YES;
				CLANG_WARN_EMPTY_BODY = YES;
				CLANG_WARN_ENUM_CONVERSION = YES;
				CLANG_WARN_INFINITE_RECURSION = YES;
				CLANG_WARN_INT_CONVERSION = YES;
				CLANG_WARN_NON_LITERAL_NULL_CONVERSION = YES;
				CLANG_WARN_OBJC_IMPLICIT_RETAIN_SELF = YES;
				CLANG_WARN_OBJC_LITERAL_CONVERSION = YES;
				CLANG_WARN_OBJC_ROOT_CLASS = YES_ERROR;
				CLANG_WARN_QUOTED_INCLUDE_IN_FRAMEWORK_HEADER = YES;
				CLANG_WARN_RANGE_LOOP_ANALYSIS = YES;
				CLANG_WARN_STRICT_PROTOTYPES = YES;
				CLANG_WARN_SUSPICIOUS_MOVE = YES;
				CLANG_WARN_UNGUARDED_AVAILABILITY = YES_AGGRESSIVE;
				CLANG_WARN_UNREACHABLE_CODE = YES;
				CLANG_WARN__DUPLICATE_METHOD_MATCH = YES;
				COPY_PHASE_STRIP = NO;
				CURRENT_PROJECT_VERSION = 1;
				DEBUG_INFORMATION_FORMAT = "dwarf-with-dsym";
				ENABLE_NS_ASSERTIONS = NO;
				ENABLE_STRICT_OBJC_MSGSEND = YES;
				GCC_C_LANGUAGE_STANDARD = gnu11;
				GCC_NO_COMMON_BLOCKS = YES;
				GCC_WARN_64_TO_32_BIT_CONVERSION = YES;
				GCC_WARN_ABOUT_RETURN_TYPE = YES_ERROR;
				GCC_WARN_UNDECLARED_SELECTOR = YES;
				GCC_WARN_UNINITIALIZED_AUTOS = YES_AGGRESSIVE;
				GCC_WARN_UNUSED_FUNCTION = YES;
				GCC_WARN_UNUSED_VARIABLE = YES;
				IPHONEOS_DEPLOYMENT_TARGET = 12.0;
				MTL_ENABLE_DEBUG_INFO = NO;
				MTL_FAST_MATH = YES;
				SDKROOT = iphoneos;
				SWIFT_COMPILATION_MODE = wholemodule;
				SWIFT_OPTIMIZATION_LEVEL = "-O";
				VALIDATE_PRODUCT = YES;
				VERSIONING_SYSTEM = "apple-generic";
				VERSION_INFO_PREFIX = "";
			};
			name = Real;
		};
		B041755025E2384300D990A2 /* Inhouse(Debug) */ = {
			isa = XCBuildConfiguration;
			baseConfigurationReference = 01F7F75D806251D208604327 /* Pods-HeroCommon.inhouse(debug).xcconfig */;
			buildSettings = {
				CLANG_ENABLE_MODULES = YES;
				CODE_SIGN_STYLE = Automatic;
				DEFINES_MODULE = YES;
				DEVELOPMENT_TEAM = M79H9K226Y;
				DYLIB_COMPATIBILITY_VERSION = 1;
				DYLIB_CURRENT_VERSION = 1;
				DYLIB_INSTALL_NAME_BASE = "@rpath";
				INFOPLIST_FILE = HeroCommon/Info.plist;
				INSTALL_PATH = "$(LOCAL_LIBRARY_DIR)/Frameworks";
				IPHONEOS_DEPLOYMENT_TARGET = 12.0;
				LD_RUNPATH_SEARCH_PATHS = (
					"$(inherited)",
					"@executable_path/Frameworks",
					"@loader_path/Frameworks",
				);
				PRODUCT_BUNDLE_IDENTIFIER = com.yiteam.HeroCommon;
				PRODUCT_NAME = "$(TARGET_NAME:c99extidentifier)";
				SKIP_INSTALL = YES;
				SUPPORTS_MACCATALYST = NO;
				SWIFT_ACTIVE_COMPILATION_CONDITIONS = INHOUSE;
				SWIFT_OPTIMIZATION_LEVEL = "-Onone";
				SWIFT_VERSION = 5.0;
				TARGETED_DEVICE_FAMILY = "1,2";
			};
			name = "Inhouse(Debug)";
		};
		B041755125E2384300D990A2 /* Real */ = {
			isa = XCBuildConfiguration;
			baseConfigurationReference = 8D1BBA080775050FBB242067 /* Pods-HeroCommon.real.xcconfig */;
			buildSettings = {
				CLANG_ENABLE_MODULES = YES;
				CODE_SIGN_STYLE = Automatic;
				DEFINES_MODULE = YES;
				DEVELOPMENT_TEAM = M79H9K226Y;
				DYLIB_COMPATIBILITY_VERSION = 1;
				DYLIB_CURRENT_VERSION = 1;
				DYLIB_INSTALL_NAME_BASE = "@rpath";
				INFOPLIST_FILE = HeroCommon/Info.plist;
				INSTALL_PATH = "$(LOCAL_LIBRARY_DIR)/Frameworks";
				IPHONEOS_DEPLOYMENT_TARGET = 12.0;
				LD_RUNPATH_SEARCH_PATHS = (
					"$(inherited)",
					"@executable_path/Frameworks",
					"@loader_path/Frameworks",
				);
				PRODUCT_BUNDLE_IDENTIFIER = com.yiteam.HeroCommon;
				PRODUCT_NAME = "$(TARGET_NAME:c99extidentifier)";
				SKIP_INSTALL = YES;
				SUPPORTS_MACCATALYST = NO;
				SWIFT_ACTIVE_COMPILATION_CONDITIONS = REAL;
				SWIFT_VERSION = 5.0;
				TARGETED_DEVICE_FAMILY = "1,2";
			};
			name = Real;
		};
		B041755325E2384300D990A2 /* Inhouse(Debug) */ = {
			isa = XCBuildConfiguration;
			buildSettings = {
				ALWAYS_EMBED_SWIFT_STANDARD_LIBRARIES = YES;
				CODE_SIGN_STYLE = Automatic;
				DEVELOPMENT_TEAM = M79H9K226Y;
				INFOPLIST_FILE = HeroCommonTests/Info.plist;
				LD_RUNPATH_SEARCH_PATHS = (
					"$(inherited)",
					"@executable_path/Frameworks",
					"@loader_path/Frameworks",
				);
				PRODUCT_BUNDLE_IDENTIFIER = com.yiteam.HeroCommonTests;
				PRODUCT_NAME = "$(TARGET_NAME)";
				SWIFT_VERSION = 5.0;
				TARGETED_DEVICE_FAMILY = "1,2";
			};
			name = "Inhouse(Debug)";
		};
		B041755425E2384300D990A2 /* Real */ = {
			isa = XCBuildConfiguration;
			buildSettings = {
				ALWAYS_EMBED_SWIFT_STANDARD_LIBRARIES = YES;
				CODE_SIGN_STYLE = Automatic;
				DEVELOPMENT_TEAM = M79H9K226Y;
				INFOPLIST_FILE = HeroCommonTests/Info.plist;
				LD_RUNPATH_SEARCH_PATHS = (
					"$(inherited)",
					"@executable_path/Frameworks",
					"@loader_path/Frameworks",
				);
				PRODUCT_BUNDLE_IDENTIFIER = com.yiteam.HeroCommonTests;
				PRODUCT_NAME = "$(TARGET_NAME)";
				SWIFT_VERSION = 5.0;
				TARGETED_DEVICE_FAMILY = "1,2";
			};
			name = Real;
		};
		B04175B625E23A2400D990A2 /* Sandbox(Debug) */ = {
			isa = XCBuildConfiguration;
			buildSettings = {
				ALWAYS_SEARCH_USER_PATHS = NO;
				CLANG_ANALYZER_LOCALIZABILITY_NONLOCALIZED = YES;
				CLANG_ANALYZER_NONNULL = YES;
				CLANG_ANALYZER_NUMBER_OBJECT_CONVERSION = YES_AGGRESSIVE;
				CLANG_CXX_LANGUAGE_STANDARD = "gnu++14";
				CLANG_CXX_LIBRARY = "libc++";
				CLANG_ENABLE_MODULES = YES;
				CLANG_ENABLE_OBJC_ARC = YES;
				CLANG_ENABLE_OBJC_WEAK = YES;
				CLANG_WARN_BLOCK_CAPTURE_AUTORELEASING = YES;
				CLANG_WARN_BOOL_CONVERSION = YES;
				CLANG_WARN_COMMA = YES;
				CLANG_WARN_CONSTANT_CONVERSION = YES;
				CLANG_WARN_DEPRECATED_OBJC_IMPLEMENTATIONS = YES;
				CLANG_WARN_DIRECT_OBJC_ISA_USAGE = YES_ERROR;
				CLANG_WARN_DOCUMENTATION_COMMENTS = YES;
				CLANG_WARN_EMPTY_BODY = YES;
				CLANG_WARN_ENUM_CONVERSION = YES;
				CLANG_WARN_INFINITE_RECURSION = YES;
				CLANG_WARN_INT_CONVERSION = YES;
				CLANG_WARN_NON_LITERAL_NULL_CONVERSION = YES;
				CLANG_WARN_OBJC_IMPLICIT_RETAIN_SELF = YES;
				CLANG_WARN_OBJC_LITERAL_CONVERSION = YES;
				CLANG_WARN_OBJC_ROOT_CLASS = YES_ERROR;
				CLANG_WARN_QUOTED_INCLUDE_IN_FRAMEWORK_HEADER = YES;
				CLANG_WARN_RANGE_LOOP_ANALYSIS = YES;
				CLANG_WARN_STRICT_PROTOTYPES = YES;
				CLANG_WARN_SUSPICIOUS_MOVE = YES;
				CLANG_WARN_UNGUARDED_AVAILABILITY = YES_AGGRESSIVE;
				CLANG_WARN_UNREACHABLE_CODE = YES;
				CLANG_WARN__DUPLICATE_METHOD_MATCH = YES;
				COPY_PHASE_STRIP = NO;
				CURRENT_PROJECT_VERSION = 1;
				DEBUG_INFORMATION_FORMAT = dwarf;
				ENABLE_STRICT_OBJC_MSGSEND = YES;
				ENABLE_TESTABILITY = YES;
				GCC_C_LANGUAGE_STANDARD = gnu11;
				GCC_DYNAMIC_NO_PIC = NO;
				GCC_NO_COMMON_BLOCKS = YES;
				GCC_OPTIMIZATION_LEVEL = 0;
				GCC_PREPROCESSOR_DEFINITIONS = (
					"DEBUG=1",
					"$(inherited)",
				);
				GCC_WARN_64_TO_32_BIT_CONVERSION = YES;
				GCC_WARN_ABOUT_RETURN_TYPE = YES_ERROR;
				GCC_WARN_UNDECLARED_SELECTOR = YES;
				GCC_WARN_UNINITIALIZED_AUTOS = YES_AGGRESSIVE;
				GCC_WARN_UNUSED_FUNCTION = YES;
				GCC_WARN_UNUSED_VARIABLE = YES;
				IPHONEOS_DEPLOYMENT_TARGET = 12.0;
				MTL_ENABLE_DEBUG_INFO = INCLUDE_SOURCE;
				MTL_FAST_MATH = YES;
				ONLY_ACTIVE_ARCH = YES;
				SDKROOT = iphoneos;
				SWIFT_ACTIVE_COMPILATION_CONDITIONS = DEBUG;
				SWIFT_OPTIMIZATION_LEVEL = "-Onone";
				VERSIONING_SYSTEM = "apple-generic";
				VERSION_INFO_PREFIX = "";
			};
			name = "Sandbox(Debug)";
		};
		B04175B725E23A2400D990A2 /* Sandbox(Debug) */ = {
			isa = XCBuildConfiguration;
			baseConfigurationReference = 2F7C60FFC177B2A75612FBE1 /* Pods-HeroCommon.sandbox(debug).xcconfig */;
			buildSettings = {
				CLANG_ENABLE_MODULES = YES;
				CODE_SIGN_STYLE = Automatic;
				DEFINES_MODULE = YES;
				DEVELOPMENT_TEAM = M79H9K226Y;
				DYLIB_COMPATIBILITY_VERSION = 1;
				DYLIB_CURRENT_VERSION = 1;
				DYLIB_INSTALL_NAME_BASE = "@rpath";
				INFOPLIST_FILE = HeroCommon/Info.plist;
				INSTALL_PATH = "$(LOCAL_LIBRARY_DIR)/Frameworks";
				IPHONEOS_DEPLOYMENT_TARGET = 12.0;
				LD_RUNPATH_SEARCH_PATHS = (
					"$(inherited)",
					"@executable_path/Frameworks",
					"@loader_path/Frameworks",
				);
				PRODUCT_BUNDLE_IDENTIFIER = com.yiteam.HeroCommon;
				PRODUCT_NAME = "$(TARGET_NAME:c99extidentifier)";
				SKIP_INSTALL = YES;
				SUPPORTS_MACCATALYST = NO;
				SWIFT_ACTIVE_COMPILATION_CONDITIONS = SANDBOX;
				SWIFT_OPTIMIZATION_LEVEL = "-Onone";
				SWIFT_VERSION = 5.0;
				TARGETED_DEVICE_FAMILY = "1,2";
			};
			name = "Sandbox(Debug)";
		};
		B04175B825E23A2400D990A2 /* Sandbox(Debug) */ = {
			isa = XCBuildConfiguration;
			buildSettings = {
				ALWAYS_EMBED_SWIFT_STANDARD_LIBRARIES = YES;
				CODE_SIGN_STYLE = Automatic;
				DEVELOPMENT_TEAM = M79H9K226Y;
				INFOPLIST_FILE = HeroCommonTests/Info.plist;
				LD_RUNPATH_SEARCH_PATHS = (
					"$(inherited)",
					"@executable_path/Frameworks",
					"@loader_path/Frameworks",
				);
				PRODUCT_BUNDLE_IDENTIFIER = com.yiteam.HeroCommonTests;
				PRODUCT_NAME = "$(TARGET_NAME)";
				SWIFT_VERSION = 5.0;
				TARGETED_DEVICE_FAMILY = "1,2";
			};
			name = "Sandbox(Debug)";
		};
/* End XCBuildConfiguration section */

/* Begin XCConfigurationList section */
		B041753525E2384300D990A2 /* Build configuration list for PBXProject "HeroCommon" */ = {
			isa = XCConfigurationList;
			buildConfigurations = (
				B041754D25E2384300D990A2 /* Inhouse(Debug) */,
				B04175B625E23A2400D990A2 /* Sandbox(Debug) */,
				B041754E25E2384300D990A2 /* Real */,
			);
			defaultConfigurationIsVisible = 0;
			defaultConfigurationName = Real;
		};
		B041754F25E2384300D990A2 /* Build configuration list for PBXNativeTarget "HeroCommon" */ = {
			isa = XCConfigurationList;
			buildConfigurations = (
				B041755025E2384300D990A2 /* Inhouse(Debug) */,
				B04175B725E23A2400D990A2 /* Sandbox(Debug) */,
				B041755125E2384300D990A2 /* Real */,
			);
			defaultConfigurationIsVisible = 0;
			defaultConfigurationName = Real;
		};
		B041755225E2384300D990A2 /* Build configuration list for PBXNativeTarget "HeroCommonTests" */ = {
			isa = XCConfigurationList;
			buildConfigurations = (
				B041755325E2384300D990A2 /* Inhouse(Debug) */,
				B04175B825E23A2400D990A2 /* Sandbox(Debug) */,
				B041755425E2384300D990A2 /* Real */,
			);
			defaultConfigurationIsVisible = 0;
			defaultConfigurationName = Real;
		};
/* End XCConfigurationList section */
	};
	rootObject = B041753225E2384300D990A2 /* Project object */;
}
